
Microsoft Visual Studio Solution File, Format Version 12.00
# Visual Studio 15
VisualStudioVersion = 15.0.26430.14
MinimumVisualStudioVersion = 10.0.40219.1
Project("{FAE04EC0-301F-11D3-BF4B-00C04F79EFBC}") = "Internship-Employees.Domain", "Internship-Employees.Domain\Internship-Employees.Domain.csproj", "{849893B1-7D75-4D16-98AD-68FC40D0E552}"
EndProject
Project("{FAE04EC0-301F-11D3-BF4B-00C04F79EFBC}") = "Internship-Employees.Data", "Internship-Employees.Data\Internship-Employees.Data.csproj", "{7DBF784F-F245-46D5-8574-2392B01BE6AD}"
EndProject
Project("{FAE04EC0-301F-11D3-BF4B-00C04F79EFBC}") = "Internship-Employees.Infrastructure", "Internship-Employees.Infrastructure\Internship-Employees.Infrastructure.csproj", "{338A472C-90B5-49E7-A037-5BE7ADD4AE57}"
EndProject
Project("{FAE04EC0-301F-11D3-BF4B-00C04F79EFBC}") = "Internship-Employees.Presentation", "Internship-Employees.Presentation\Internship-Employees.Presentation.csproj", "{AD4226B1-FA8D-42F2-B847-8DCC0962794A}"
EndProject
Global
	GlobalSection(SolutionConfigurationPlatforms) = preSolution
		Debug|Any CPU = Debug|Any CPU
		Release|Any CPU = Release|Any CPU
	EndGlobalSection
	GlobalSection(ProjectConfigurationPlatforms) = postSolution
		{849893B1-7D75-4D16-98AD-68FC40D0E552}.Debug|Any CPU.ActiveCfg = Debug|Any CPU
		{849893B1-7D75-4D16-98AD-68FC40D0E552}.Debug|Any CPU.Build.0 = Debug|Any CPU
		{849893B1-7D75-4D16-98AD-68FC40D0E552}.Release|Any CPU.ActiveCfg = Release|Any CPU
		{849893B1-7D75-4D16-98AD-68FC40D0E552}.Release|Any CPU.Build.0 = Release|Any CPU
		{7DBF784F-F245-46D5-8574-2392B01BE6AD}.Debug|Any CPU.ActiveCfg = Debug|Any CPU
		{7DBF784F-F245-46D5-8574-2392B01BE6AD}.Debug|Any CPU.Build.0 = Debug|Any CPU
		{7DBF784F-F245-46D5-8574-2392B01BE6AD}.Release|Any CPU.ActiveCfg = Release|Any CPU
		{7DBF784F-F245-46D5-8574-2392B01BE6AD}.Release|Any CPU.Build.0 = Release|Any CPU
		{338A472C-90B5-49E7-A037-5BE7ADD4AE57}.Debug|Any CPU.ActiveCfg = Debug|Any CPU
		{338A472C-90B5-49E7-A037-5BE7ADD4AE57}.Debug|Any CPU.Build.0 = Debug|Any CPU
		{338A472C-90B5-49E7-A037-5BE7ADD4AE57}.Release|Any CPU.ActiveCfg = Release|Any CPU
		{338A472C-90B5-49E7-A037-5BE7ADD4AE57}.Release|Any CPU.Build.0 = Release|Any CPU
		{AD4226B1-FA8D-42F2-B847-8DCC0962794A}.Debug|Any CPU.ActiveCfg = Debug|Any CPU
		{AD4226B1-FA8D-42F2-B847-8DCC0962794A}.Debug|Any CPU.Build.0 = Debug|Any CPU
		{AD4226B1-FA8D-42F2-B847-8DCC0962794A}.Release|Any CPU.ActiveCfg = Release|Any CPU
		{AD4226B1-FA8D-42F2-B847-8DCC0962794A}.Release|Any CPU.Build.0 = Release|Any CPU
	EndGlobalSection
	GlobalSection(SolutionProperties) = preSolution
		HideSolutionNode = FALSE
	EndGlobalSection
EndGlobal
